
Microsoft Visual Studio Solution File, Format Version 12.00
# Visual Studio Version 17
VisualStudioVersion = 17.10.35201.131
MinimumVisualStudioVersion = 10.0.40219.1
Project("{9A19103F-16F7-4668-BE54-9A1E7A4F7556}") = "AppHost", "E_COMMERCE_TEDDYBEAR_SHOP.AppHost\AppHost.csproj", "{545334FE-DB2E-41CE-9D80-09CED2D0BCB9}"
EndProject
Project("{9A19103F-16F7-4668-BE54-9A1E7A4F7556}") = "ServiceDefaults", "E_COMMERCE_TEDDYBEAR_SHOP.ServiceDefaults\ServiceDefaults.csproj", "{86C744E0-AAED-45A1-8848-B9D46A863291}"
EndProject
Project("{2150E333-8FDC-42A3-9474-1A3956D46DE8}") = "QUERY", "QUERY", "{0EA98187-FB6B-4EFF-9508-8DD6BC2BE16A}"
EndProject
Project("{2150E333-8FDC-42A3-9474-1A3956D46DE8}") = "COMMAND", "COMMAND", "{12BC428D-F6B3-40D6-864A-D9BE2F6CECF4}"
EndProject
Project("{2150E333-8FDC-42A3-9474-1A3956D46DE8}") = "AUTHORIZATION", "AUTHORIZATION", "{CF748A8B-C987-42EF-8036-7726DBF726F8}"
EndProject
Project("{2150E333-8FDC-42A3-9474-1A3956D46DE8}") = "CONTRACT", "CONTRACT", "{31B1248B-6C65-4F3D-980E-CF8EED651556}"
EndProject
Project("{2150E333-8FDC-42A3-9474-1A3956D46DE8}") = "ASPIRE", "ASPIRE", "{BD38F4DF-B808-4F32-9FDA-BED579663F16}"
EndProject
Project("{9A19103F-16F7-4668-BE54-9A1E7A4F7556}") = "COMMAND.API", "COMMAND\COMMAND.API\COMMAND.API.csproj", "{1ECB4F7D-04CD-4D99-BD29-FD2D4C6ACF67}"
EndProject
Project("{9A19103F-16F7-4668-BE54-9A1E7A4F7556}") = "QUERY.API", "QUERY\QUERY.API\QUERY.API.csproj", "{4FA9BCCE-8B29-47E4-927F-A9BD57C2844D}"
EndProject
Project("{9A19103F-16F7-4668-BE54-9A1E7A4F7556}") = "AUTHORIZATION.API", "AUTHORIZATION\AUTHORIZATION.API\AUTHORIZATION.API.csproj", "{E1A60645-8F12-4DDB-94AC-98F67C406137}"
EndProject
Project("{FAE04EC0-301F-11D3-BF4B-00C04F79EFBC}") = "CONTRACT", "CONTRACT\CONTRACT\CONTRACT.csproj", "{D13DEC80-BCBE-4FD1-89BE-8B33A253F29A}"
EndProject
Project("{FAE04EC0-301F-11D3-BF4B-00C04F79EFBC}") = "COMMAND.APPLICATION", "COMMAND\COMMAND.APPLICATION\COMMAND.APPLICATION.csproj", "{DD12A793-2954-4B47-8145-BEC9E5A0A681}"
EndProject
Project("{FAE04EC0-301F-11D3-BF4B-00C04F79EFBC}") = "COMMAND.INFRASTRUCTURE", "COMMAND\COMMAND.INFRASTRUCTURE\COMMAND.INFRASTRUCTURE.csproj", "{798BFD85-B055-4C86-9818-9EB9FCC002BB}"
EndProject
Project("{FAE04EC0-301F-11D3-BF4B-00C04F79EFBC}") = "COMMAND.PERSISTENCE", "COMMAND\COMMAND.PERSISTENCE\COMMAND.PERSISTENCE.csproj", "{8CC5D035-64B4-4FBC-A4AF-C71BEC391432}"
EndProject
Project("{FAE04EC0-301F-11D3-BF4B-00C04F79EFBC}") = "COMMAND.PRESENTATION", "COMMAND\COMMAND.PRESENTATION\COMMAND.PRESENTATION.csproj", "{06D16BBF-5111-404B-A162-06B547939811}"
EndProject
Project("{FAE04EC0-301F-11D3-BF4B-00C04F79EFBC}") = "COMMAND.CONTRACT", "COMMAND\COMMAND.CONTRACT\COMMAND.CONTRACT.csproj", "{7EF39C03-700F-4C84-8B58-849217112529}"
EndProject
Project("{FAE04EC0-301F-11D3-BF4B-00C04F79EFBC}") = "QUERY.APPLICATION", "QUERY\QUERY.APPLICATION\QUERY.APPLICATION.csproj", "{E9B4DAC3-49E0-4BD5-9AEE-6DB324AE6343}"
EndProject
Project("{FAE04EC0-301F-11D3-BF4B-00C04F79EFBC}") = "QUERY.CONTRACT", "QUERY\QUERY.CONTRACT\QUERY.CONTRACT.csproj", "{D89197A6-DFF3-4A7A-8E1A-EC7421AFB76D}"
EndProject
Project("{FAE04EC0-301F-11D3-BF4B-00C04F79EFBC}") = "QUERY.INFRASTRUCTURE", "QUERY\QUERY.INFRASTRUCTURE\QUERY.INFRASTRUCTURE.csproj", "{32474A0B-1A99-4EFF-B6D5-B56745340931}"
EndProject
Project("{FAE04EC0-301F-11D3-BF4B-00C04F79EFBC}") = "QUERY.PERSISTENCE", "QUERY\QUERY.PERSISTENCE\QUERY.PERSISTENCE.csproj", "{95B84AA7-BE39-4903-ADA5-B4D0318F51E3}"
EndProject
Project("{FAE04EC0-301F-11D3-BF4B-00C04F79EFBC}") = "QUERY.PRESENTATION", "QUERY\QUERY.PRESENTATION\QUERY.PRESENTATION.csproj", "{4407E54C-2B12-4DD5-9B29-0E5ED2FECCDA}"
EndProject
Global
	GlobalSection(SolutionConfigurationPlatforms) = preSolution
		Debug|Any CPU = Debug|Any CPU
		Release|Any CPU = Release|Any CPU
	EndGlobalSection
	GlobalSection(ProjectConfigurationPlatforms) = postSolution
		{545334FE-DB2E-41CE-9D80-09CED2D0BCB9}.Debug|Any CPU.ActiveCfg = Debug|Any CPU
		{545334FE-DB2E-41CE-9D80-09CED2D0BCB9}.Debug|Any CPU.Build.0 = Debug|Any CPU
		{545334FE-DB2E-41CE-9D80-09CED2D0BCB9}.Release|Any CPU.ActiveCfg = Release|Any CPU
		{545334FE-DB2E-41CE-9D80-09CED2D0BCB9}.Release|Any CPU.Build.0 = Release|Any CPU
		{86C744E0-AAED-45A1-8848-B9D46A863291}.Debug|Any CPU.ActiveCfg = Debug|Any CPU
		{86C744E0-AAED-45A1-8848-B9D46A863291}.Debug|Any CPU.Build.0 = Debug|Any CPU
		{86C744E0-AAED-45A1-8848-B9D46A863291}.Release|Any CPU.ActiveCfg = Release|Any CPU
		{86C744E0-AAED-45A1-8848-B9D46A863291}.Release|Any CPU.Build.0 = Release|Any CPU
		{1ECB4F7D-04CD-4D99-BD29-FD2D4C6ACF67}.Debug|Any CPU.ActiveCfg = Debug|Any CPU
		{1ECB4F7D-04CD-4D99-BD29-FD2D4C6ACF67}.Debug|Any CPU.Build.0 = Debug|Any CPU
		{1ECB4F7D-04CD-4D99-BD29-FD2D4C6ACF67}.Release|Any CPU.ActiveCfg = Release|Any CPU
		{1ECB4F7D-04CD-4D99-BD29-FD2D4C6ACF67}.Release|Any CPU.Build.0 = Release|Any CPU
		{4FA9BCCE-8B29-47E4-927F-A9BD57C2844D}.Debug|Any CPU.ActiveCfg = Debug|Any CPU
		{4FA9BCCE-8B29-47E4-927F-A9BD57C2844D}.Debug|Any CPU.Build.0 = Debug|Any CPU
		{4FA9BCCE-8B29-47E4-927F-A9BD57C2844D}.Release|Any CPU.ActiveCfg = Release|Any CPU
		{4FA9BCCE-8B29-47E4-927F-A9BD57C2844D}.Release|Any CPU.Build.0 = Release|Any CPU
		{E1A60645-8F12-4DDB-94AC-98F67C406137}.Debug|Any CPU.ActiveCfg = Debug|Any CPU
		{E1A60645-8F12-4DDB-94AC-98F67C406137}.Debug|Any CPU.Build.0 = Debug|Any CPU
		{E1A60645-8F12-4DDB-94AC-98F67C406137}.Release|Any CPU.ActiveCfg = Release|Any CPU
		{E1A60645-8F12-4DDB-94AC-98F67C406137}.Release|Any CPU.Build.0 = Release|Any CPU
		{D13DEC80-BCBE-4FD1-89BE-8B33A253F29A}.Debug|Any CPU.ActiveCfg = Debug|Any CPU
		{D13DEC80-BCBE-4FD1-89BE-8B33A253F29A}.Debug|Any CPU.Build.0 = Debug|Any CPU
		{D13DEC80-BCBE-4FD1-89BE-8B33A253F29A}.Release|Any CPU.ActiveCfg = Release|Any CPU
		{D13DEC80-BCBE-4FD1-89BE-8B33A253F29A}.Release|Any CPU.Build.0 = Release|Any CPU
		{DD12A793-2954-4B47-8145-BEC9E5A0A681}.Debug|Any CPU.ActiveCfg = Debug|Any CPU
		{DD12A793-2954-4B47-8145-BEC9E5A0A681}.Debug|Any CPU.Build.0 = Debug|Any CPU
		{DD12A793-2954-4B47-8145-BEC9E5A0A681}.Release|Any CPU.ActiveCfg = Release|Any CPU
		{DD12A793-2954-4B47-8145-BEC9E5A0A681}.Release|Any CPU.Build.0 = Release|Any CPU
		{798BFD85-B055-4C86-9818-9EB9FCC002BB}.Debug|Any CPU.ActiveCfg = Debug|Any CPU
		{798BFD85-B055-4C86-9818-9EB9FCC002BB}.Debug|Any CPU.Build.0 = Debug|Any CPU
		{798BFD85-B055-4C86-9818-9EB9FCC002BB}.Release|Any CPU.ActiveCfg = Release|Any CPU
		{798BFD85-B055-4C86-9818-9EB9FCC002BB}.Release|Any CPU.Build.0 = Release|Any CPU
		{8CC5D035-64B4-4FBC-A4AF-C71BEC391432}.Debug|Any CPU.ActiveCfg = Debug|Any CPU
		{8CC5D035-64B4-4FBC-A4AF-C71BEC391432}.Debug|Any CPU.Build.0 = Debug|Any CPU
		{8CC5D035-64B4-4FBC-A4AF-C71BEC391432}.Release|Any CPU.ActiveCfg = Release|Any CPU
		{8CC5D035-64B4-4FBC-A4AF-C71BEC391432}.Release|Any CPU.Build.0 = Release|Any CPU
		{06D16BBF-5111-404B-A162-06B547939811}.Debug|Any CPU.ActiveCfg = Debug|Any CPU
		{06D16BBF-5111-404B-A162-06B547939811}.Debug|Any CPU.Build.0 = Debug|Any CPU
		{06D16BBF-5111-404B-A162-06B547939811}.Release|Any CPU.ActiveCfg = Release|Any CPU
		{06D16BBF-5111-404B-A162-06B547939811}.Release|Any CPU.Build.0 = Release|Any CPU
		{7EF39C03-700F-4C84-8B58-849217112529}.Debug|Any CPU.ActiveCfg = Debug|Any CPU
		{7EF39C03-700F-4C84-8B58-849217112529}.Debug|Any CPU.Build.0 = Debug|Any CPU
		{7EF39C03-700F-4C84-8B58-849217112529}.Release|Any CPU.ActiveCfg = Release|Any CPU
		{7EF39C03-700F-4C84-8B58-849217112529}.Release|Any CPU.Build.0 = Release|Any CPU
		{E9B4DAC3-49E0-4BD5-9AEE-6DB324AE6343}.Debug|Any CPU.ActiveCfg = Debug|Any CPU
		{E9B4DAC3-49E0-4BD5-9AEE-6DB324AE6343}.Debug|Any CPU.Build.0 = Debug|Any CPU
		{E9B4DAC3-49E0-4BD5-9AEE-6DB324AE6343}.Release|Any CPU.ActiveCfg = Release|Any CPU
		{E9B4DAC3-49E0-4BD5-9AEE-6DB324AE6343}.Release|Any CPU.Build.0 = Release|Any CPU
		{D89197A6-DFF3-4A7A-8E1A-EC7421AFB76D}.Debug|Any CPU.ActiveCfg = Debug|Any CPU
		{D89197A6-DFF3-4A7A-8E1A-EC7421AFB76D}.Debug|Any CPU.Build.0 = Debug|Any CPU
		{D89197A6-DFF3-4A7A-8E1A-EC7421AFB76D}.Release|Any CPU.ActiveCfg = Release|Any CPU
		{D89197A6-DFF3-4A7A-8E1A-EC7421AFB76D}.Release|Any CPU.Build.0 = Release|Any CPU
		{32474A0B-1A99-4EFF-B6D5-B56745340931}.Debug|Any CPU.ActiveCfg = Debug|Any CPU
		{32474A0B-1A99-4EFF-B6D5-B56745340931}.Debug|Any CPU.Build.0 = Debug|Any CPU
		{32474A0B-1A99-4EFF-B6D5-B56745340931}.Release|Any CPU.ActiveCfg = Release|Any CPU
		{32474A0B-1A99-4EFF-B6D5-B56745340931}.Release|Any CPU.Build.0 = Release|Any CPU
		{95B84AA7-BE39-4903-ADA5-B4D0318F51E3}.Debug|Any CPU.ActiveCfg = Debug|Any CPU
		{95B84AA7-BE39-4903-ADA5-B4D0318F51E3}.Debug|Any CPU.Build.0 = Debug|Any CPU
		{95B84AA7-BE39-4903-ADA5-B4D0318F51E3}.Release|Any CPU.ActiveCfg = Release|Any CPU
		{95B84AA7-BE39-4903-ADA5-B4D0318F51E3}.Release|Any CPU.Build.0 = Release|Any CPU
		{4407E54C-2B12-4DD5-9B29-0E5ED2FECCDA}.Debug|Any CPU.ActiveCfg = Debug|Any CPU
		{4407E54C-2B12-4DD5-9B29-0E5ED2FECCDA}.Debug|Any CPU.Build.0 = Debug|Any CPU
		{4407E54C-2B12-4DD5-9B29-0E5ED2FECCDA}.Release|Any CPU.ActiveCfg = Release|Any CPU
		{4407E54C-2B12-4DD5-9B29-0E5ED2FECCDA}.Release|Any CPU.Build.0 = Release|Any CPU
	EndGlobalSection
	GlobalSection(SolutionProperties) = preSolution
		HideSolutionNode = FALSE
	EndGlobalSection
	GlobalSection(NestedProjects) = preSolution
		{545334FE-DB2E-41CE-9D80-09CED2D0BCB9} = {BD38F4DF-B808-4F32-9FDA-BED579663F16}
		{86C744E0-AAED-45A1-8848-B9D46A863291} = {BD38F4DF-B808-4F32-9FDA-BED579663F16}
		{1ECB4F7D-04CD-4D99-BD29-FD2D4C6ACF67} = {12BC428D-F6B3-40D6-864A-D9BE2F6CECF4}
		{4FA9BCCE-8B29-47E4-927F-A9BD57C2844D} = {0EA98187-FB6B-4EFF-9508-8DD6BC2BE16A}
		{E1A60645-8F12-4DDB-94AC-98F67C406137} = {CF748A8B-C987-42EF-8036-7726DBF726F8}
		{D13DEC80-BCBE-4FD1-89BE-8B33A253F29A} = {31B1248B-6C65-4F3D-980E-CF8EED651556}
		{DD12A793-2954-4B47-8145-BEC9E5A0A681} = {12BC428D-F6B3-40D6-864A-D9BE2F6CECF4}
		{798BFD85-B055-4C86-9818-9EB9FCC002BB} = {12BC428D-F6B3-40D6-864A-D9BE2F6CECF4}
		{8CC5D035-64B4-4FBC-A4AF-C71BEC391432} = {12BC428D-F6B3-40D6-864A-D9BE2F6CECF4}
		{06D16BBF-5111-404B-A162-06B547939811} = {12BC428D-F6B3-40D6-864A-D9BE2F6CECF4}
		{7EF39C03-700F-4C84-8B58-849217112529} = {12BC428D-F6B3-40D6-864A-D9BE2F6CECF4}
		{E9B4DAC3-49E0-4BD5-9AEE-6DB324AE6343} = {0EA98187-FB6B-4EFF-9508-8DD6BC2BE16A}
		{D89197A6-DFF3-4A7A-8E1A-EC7421AFB76D} = {0EA98187-FB6B-4EFF-9508-8DD6BC2BE16A}
		{32474A0B-1A99-4EFF-B6D5-B56745340931} = {0EA98187-FB6B-4EFF-9508-8DD6BC2BE16A}
		{95B84AA7-BE39-4903-ADA5-B4D0318F51E3} = {0EA98187-FB6B-4EFF-9508-8DD6BC2BE16A}
		{4407E54C-2B12-4DD5-9B29-0E5ED2FECCDA} = {0EA98187-FB6B-4EFF-9508-8DD6BC2BE16A}
	EndGlobalSection
	GlobalSection(ExtensibilityGlobals) = postSolution
		SolutionGuid = {191C73C4-F390-4638-80F1-1C45E04168ED}
	EndGlobalSection
EndGlobal
