{
  "version": 2,
  "dependencies": {
    "net8.0": {
      "Microsoft.CodeAnalysis.Common": {
        "type": "Direct",
        "requested": "[4.7.0, )",
        "resolved": "4.7.0",
        "contentHash": "pD5S14xMUebSGYe75kt0q/aaS/ftvktSo/pEv7aX7hNPHfdZS+SZeXvkvcffGxWkunYOyRF9m1oN7zzSdYj9dQ==",
        "dependencies": {
          "Microsoft.CodeAnalysis.Analyzers": "3.3.4",
          "System.Collections.Immutable": "7.0.0",
          "System.Reflection.Metadata": "7.0.0",
          "System.Runtime.CompilerServices.Unsafe": "6.0.0"
        }
      },
      "Microsoft.CodeAnalysis.CSharp": {
        "type": "Direct",
        "requested": "[4.7.0, )",
        "resolved": "4.7.0",
        "contentHash": "JHCP2L6lB0oJ3tQoHkC67SFZxW+KbJVOnAo+6L01K5r/NlBlSUhTk5nUAldWhTVwGdzqNeHqGtnEqpsCmGSwQA==",
        "dependencies": {
          "Microsoft.CodeAnalysis.Common": "[4.7.0]"
        }
      },
      "Microsoft.Extensions.Http.Resilience": {
        "type": "Direct",
        "requested": "[8.0.5, )",
        "resolved": "8.1.0",
        "contentHash": "nCCdO9D369kKnRpXcGfQDDkC/lT9HjKRehViZPDKbaOquajeZR/ojGIVaCiNxS/+s0Jb+IlAyB1Pjf+/867Z+Q==",
        "dependencies": {
          "Microsoft.Extensions.Http.Diagnostics": "8.1.0",
          "Microsoft.Extensions.ObjectPool": "8.0.1",
          "Microsoft.Extensions.Resilience": "8.1.0"
        }
      },
      "Microsoft.Extensions.ServiceDiscovery": {
        "type": "Direct",
        "requested": "[8.0.5, )",
        "resolved": "8.1.0",
        "contentHash": "w7HTVXC48Sgnvpwn9T1dDHcNJ7P3ZB/AX5cvFF6Abt8AKl1HsvUZA6Z0QDt+TUfyYmuF3M6tEcrg8f6QMHIXRw==",
        "dependencies": {
          "Microsoft.Extensions.Http": "8.0.0",
          "Microsoft.Extensions.ServiceDiscovery.Abstractions": "8.1.0"
        }
      },
      "OpenTelemetry.Exporter.OpenTelemetryProtocol": {
        "type": "Direct",
        "requested": "[1.7.0, )",
        "resolved": "1.7.0",
        "contentHash": "ULGTxg4HdnJD+CIuiD15Uov4xVVqwpbNGFd075J3MT3lLM9XcwU4YRz7CCNmqIlehYaiZrGhUurXrI2LgZZL1Q==",
        "dependencies": {
          "Google.Protobuf": "[3.22.5, 4.0.0)",
          "Grpc.Net.Client": "[2.52.0, 3.0.0)",
          "OpenTelemetry": "1.7.0"
        }
      },
      "OpenTelemetry.Extensions.Hosting": {
        "type": "Direct",
        "requested": "[1.7.0, )",
        "resolved": "1.7.0",
        "contentHash": "MbB7CWWqb7xHK0jTF9Gtvw/eLWdaKqzkE1XAwLe05xyskHuwJWAbZFax4nGLA71YkMWQNO5iPIBlirvYXOLMlg==",
        "dependencies": {
          "Microsoft.Extensions.Diagnostics.Abstractions": "8.0.0",
          "Microsoft.Extensions.Hosting.Abstractions": "8.0.0",
          "OpenTelemetry": "1.7.0"
        }
      },
      "OpenTelemetry.Instrumentation.AspNetCore": {
        "type": "Direct",
        "requested": "[1.7.0, )",
        "resolved": "1.7.0",
        "contentHash": "K/mjCmuR9zgrL6fMC6sbnX/y6BOJJFI3hp42O+tz8nT/w6sxbfjrLcU+fVwfct3lsnohSKdPfrq6fSrxAF5ezw==",
        "dependencies": {
          "OpenTelemetry.Api.ProviderBuilderExtensions": "1.7.0"
        }
      },
      "OpenTelemetry.Instrumentation.Http": {
        "type": "Direct",
        "requested": "[1.7.0, )",
        "resolved": "1.7.0",
        "contentHash": "0pM1EHx/85DsUmtffysYNVZBNkenuYd++ZMgNB0oGLdhIK5EJEmz8+Yi+sjHajU5XvAUtOXPL6Ocd3dZWRQIAw==",
        "dependencies": {
          "Microsoft.Extensions.Options": "8.0.0",
          "OpenTelemetry.Api.ProviderBuilderExtensions": "1.7.0"
        }
      },
      "OpenTelemetry.Instrumentation.Runtime": {
        "type": "Direct",
        "requested": "[1.7.0, )",
        "resolved": "1.7.0",
        "contentHash": "yHMfoLHLJknhPHWwjzIyEWtfAawzRnevVJ4EWfBmZNH1vxoZ8qh8eq3UadymTqm/L6r9BJaLmdp/U4AzHhhY2Q==",
        "dependencies": {
          "OpenTelemetry.Api": "[1.7.0, 2.0.0)"
        }
      },
      "Google.Protobuf": {
        "type": "Transitive",
        "resolved": "3.22.5",
        "contentHash": "tTMtDZPbLxJew8pk7NBdqhLqC4OipfkZdwPuCEUNr2AoDo1siUGcxFqJK0wDewTL8ge5Cjrb16CToMPxBUHMGA=="
      },
      "Grpc.Core.Api": {
        "type": "Transitive",
        "resolved": "2.52.0",
        "contentHash": "SQiPyBczG4vKPmI6Fd+O58GcxxDSFr6nfRAJuBDUNj+PgdokhjWJvZE/La1c09AkL2FVm/jrDloG89nkzmVF7A==",
        "dependencies": {
          "System.Memory": "4.5.3"
        }
      },
      "Grpc.Net.Client": {
        "type": "Transitive",
        "resolved": "2.52.0",
        "contentHash": "hWVH9g/Nnjz40ni//2S8UIOyEmhueQREoZIkD0zKHEPqLxXcNlbp4eebXIOicZtkwDSx0TFz9NpkbecEDn6rBw==",
        "dependencies": {
          "Grpc.Net.Common": "2.52.0",
          "Microsoft.Extensions.Logging.Abstractions": "3.0.3"
        }
      },
      "Grpc.Net.Common": {
        "type": "Transitive",
        "resolved": "2.52.0",
        "contentHash": "di9qzpdx525IxumZdYmu6sG2y/gXJyYeZ1ruFUzB9BJ1nj4kU1/dTAioNCMt1VLRvNVDqh8S8B1oBdKhHJ4xRg==",
        "dependencies": {
          "Grpc.Core.Api": "2.52.0"
        }
      },
      "Microsoft.Bcl.TimeProvider": {
        "type": "Transitive",
        "resolved": "8.0.1",
        "contentHash": "C7kWHJnMRY7EvJev2S8+yJHZ1y7A4ZlLbA4NE+O23BDIAN5mHeqND1m+SKv1ChRS5YlCDW7yAMUe7lttRsJaAA=="
      },
      "Microsoft.CodeAnalysis.Analyzers": {
        "type": "Transitive",
        "resolved": "3.3.4",
        "contentHash": "AxkxcPR+rheX0SmvpLVIGLhOUXAKG56a64kV9VQZ4y9gR9ZmPXnqZvHJnmwLSwzrEP6junUF11vuc+aqo5r68g=="
      },
      "Microsoft.Extensions.AmbientMetadata.Application": {
        "type": "Transitive",
        "resolved": "8.1.0",
        "contentHash": "eGc2UIHrdO7RZ95RIp7jhsbP2fA67teV4T1dawXSFnFNND1hxlErAuH+k9tDPdamXUH6pQptzGxKsA7lCTjAHw==",
        "dependencies": {
          "Microsoft.Extensions.Configuration": "8.0.0",
          "Microsoft.Extensions.Hosting.Abstractions": "8.0.0",
          "Microsoft.Extensions.Options.ConfigurationExtensions": "8.0.0"
        }
      },
      "Microsoft.Extensions.Compliance.Abstractions": {
        "type": "Transitive",
        "resolved": "8.1.0",
        "contentHash": "4Q0RX9Q2OoJ2xX2XVgMfHuENEd56IfQxEXwW35G5sLjLTPyg7ptmAoD+cuZtkM9kX8UlRD4NtFSpzFgC0aUpzw==",
        "dependencies": {
          "Microsoft.Extensions.DependencyInjection.Abstractions": "8.0.0",
          "Microsoft.Extensions.ObjectPool": "8.0.1"
        }
      },
      "Microsoft.Extensions.Configuration.Binder": {
        "type": "Transitive",
        "resolved": "9.0.0",
        "contentHash": "RiScL99DcyngY9zJA2ROrri7Br8tn5N4hP4YNvGdTN/bvg1A3dwvDOxHnNZ3Im7x2SJ5i4LkX1uPiR/MfSFBLQ==",
        "dependencies": {
          "Microsoft.Extensions.Configuration.Abstractions": "9.0.0"
        }
      },
      "Microsoft.Extensions.DependencyInjection.AutoActivation": {
        "type": "Transitive",
        "resolved": "8.1.0",
        "contentHash": "Yp12roSE85eNmIm1SR49Yuim2OJQ1o/pegR0Re8JgEn8YSr0VX6McerDGCXBubNnPhUyk8jo7z7V4o103zu+4Q==",
        "dependencies": {
          "Microsoft.Extensions.Hosting.Abstractions": "8.0.0",
          "Microsoft.Extensions.Options": "8.0.1"
        }
      },
      "Microsoft.Extensions.DiagnosticAdapter": {
        "type": "Transitive",
        "resolved": "3.1.32",
        "contentHash": "oDv3wt+Q5cmaSfOQ3Cdu6dF6sn/x5gzWdNpOq4ajBwCMWYBr6CchncDvB9pF83ORlbDuX32MsVLOPGPxW4Lx4g==",
        "dependencies": {
          "System.Diagnostics.DiagnosticSource": "4.7.1"
        }
      },
      "Microsoft.Extensions.Diagnostics": {
        "type": "Transitive",
        "resolved": "9.0.0",
        "contentHash": "0CF9ZrNw5RAlRfbZuVIvzzhP8QeWqHiUmMBU/2H7Nmit8/vwP3/SbHeEctth7D4Gz2fBnEbokPc1NU8/j/1ZLw==",
        "dependencies": {
          "Microsoft.Extensions.Configuration": "9.0.0",
          "Microsoft.Extensions.Diagnostics.Abstractions": "9.0.0",
          "Microsoft.Extensions.Options.ConfigurationExtensions": "9.0.0"
        }
      },
      "Microsoft.Extensions.Diagnostics.Abstractions": {
        "type": "Transitive",
        "resolved": "9.0.0",
        "contentHash": "1K8P7XzuzX8W8pmXcZjcrqS6x5eSSdvhQohmcpgiQNY/HlDAlnrhR9dvlURfFz428A+RTCJpUyB+aKTA6AgVcQ==",
        "dependencies": {
          "Microsoft.Extensions.DependencyInjection.Abstractions": "9.0.0",
          "Microsoft.Extensions.Options": "9.0.0",
          "System.Diagnostics.DiagnosticSource": "9.0.0"
        }
      },
      "Microsoft.Extensions.Diagnostics.ExceptionSummarization": {
        "type": "Transitive",
        "resolved": "8.1.0",
        "contentHash": "DWdFAAlVP2FoI5qT/pSoAmglN0Z2AC8nAMtfAipbtq9IbIHDbQSRcZrQZmAdXR7YAeg0oLi9ivCimgeC2ggv4Q==",
        "dependencies": {
          "Microsoft.Extensions.DependencyInjection.Abstractions": "8.0.0"
        }
      },
      "Microsoft.Extensions.Features": {
        "type": "Transitive",
        "resolved": "8.0.7",
        "contentHash": "807p0VEIqDArkcAtfNGjFA565pGphcdR6a8nqD0+0A7e/dvODc7T7DsumKr/hGQ55AyH4nETxsNIP1aNVBH1ag=="
      },
      "Microsoft.Extensions.FileProviders.Abstractions": {
        "type": "Transitive",
        "resolved": "8.0.0",
        "contentHash": "ZbaMlhJlpisjuWbvXr4LdAst/1XxH3vZ6A0BsgTphZ2L4PGuxRLz7Jr/S7mkAAnOn78Vu0fKhEgNF5JO3zfjqQ==",
        "dependencies": {
          "Microsoft.Extensions.Primitives": "8.0.0"
        }
      },
      "Microsoft.Extensions.Hosting.Abstractions": {
        "type": "Transitive",
        "resolved": "8.0.0",
        "contentHash": "AG7HWwVRdCHlaA++1oKDxLsXIBxmDpMPb3VoyOoAghEWnkUvEAdYQUwnV4jJbAaa/nMYNiEh5ByoLauZBEiovg==",
        "dependencies": {
          "Microsoft.Extensions.Configuration.Abstractions": "8.0.0",
          "Microsoft.Extensions.DependencyInjection.Abstractions": "8.0.0",
          "Microsoft.Extensions.Diagnostics.Abstractions": "8.0.0",
          "Microsoft.Extensions.FileProviders.Abstractions": "8.0.0",
          "Microsoft.Extensions.Logging.Abstractions": "8.0.0"
        }
      },
      "Microsoft.Extensions.Http.Diagnostics": {
        "type": "Transitive",
        "resolved": "8.1.0",
        "contentHash": "iUDmZYEwFhR9Q8mXJTssdZ8KyYWseTXPuCPe8bJtiBQ+HHlbODZ5rOFNY/W2YspBnsFQM7rNczhDDljoyfDcoA==",
        "dependencies": {
          "Microsoft.Extensions.DependencyInjection.AutoActivation": "8.1.0",
          "Microsoft.Extensions.DiagnosticAdapter": "3.1.32",
          "Microsoft.Extensions.Http": "8.0.0",
          "Microsoft.Extensions.Options.ConfigurationExtensions": "8.0.0",
          "Microsoft.Extensions.Telemetry": "8.1.0",
          "Microsoft.IO.RecyclableMemoryStream": "2.3.2",
          "System.Text.Json": "8.0.1"
        }
      },
      "Microsoft.Extensions.Logging": {
        "type": "Transitive",
        "resolved": "9.0.0",
        "contentHash": "crjWyORoug0kK7RSNJBTeSE6VX8IQgLf3nUpTB9m62bPXp/tzbnOsnbe8TXEG0AASNaKZddnpHKw7fET8E++Pg==",
        "dependencies": {
          "Microsoft.Extensions.DependencyInjection": "9.0.0",
          "Microsoft.Extensions.Logging.Abstractions": "9.0.0",
          "Microsoft.Extensions.Options": "9.0.0"
        }
      },
      "Microsoft.Extensions.Logging.Abstractions": {
        "type": "Transitive",
        "resolved": "9.0.0",
        "contentHash": "g0UfujELzlLbHoVG8kPKVBaW470Ewi+jnptGS9KUi6jcb+k2StujtK3m26DFSGGwQ/+bVgZfsWqNzlP6YOejvw==",
        "dependencies": {
          "Microsoft.Extensions.DependencyInjection.Abstractions": "9.0.0",
          "System.Diagnostics.DiagnosticSource": "9.0.0"
        }
      },
      "Microsoft.Extensions.Logging.Configuration": {
        "type": "Transitive",
        "resolved": "8.0.0",
        "contentHash": "ixXXV0G/12g6MXK65TLngYN9V5hQQRuV+fZi882WIoVJT7h5JvoYoxTEwCgdqwLjSneqh1O+66gM8sMr9z/rsQ==",
        "dependencies": {
          "Microsoft.Extensions.Configuration": "8.0.0",
          "Microsoft.Extensions.Configuration.Abstractions": "8.0.0",
          "Microsoft.Extensions.Configuration.Binder": "8.0.0",
          "Microsoft.Extensions.DependencyInjection.Abstractions": "8.0.0",
          "Microsoft.Extensions.Logging": "8.0.0",
          "Microsoft.Extensions.Logging.Abstractions": "8.0.0",
          "Microsoft.Extensions.Options": "8.0.0",
          "Microsoft.Extensions.Options.ConfigurationExtensions": "8.0.0"
        }
      },
      "Microsoft.Extensions.ObjectPool": {
        "type": "Transitive",
        "resolved": "8.0.1",
        "contentHash": "X21b8D6z58EG34OMLH955750mFaEaGs5xLGe9Vyi3059Cgb3sk+p2k/JlQXaieEBRrk+SVlFzDei3Q6PdVzJOA=="
      },
      "Microsoft.Extensions.Primitives": {
        "type": "Transitive",
        "resolved": "9.0.0",
        "contentHash": "N3qEBzmLMYiASUlKxxFIISP4AiwuPTHF5uCh+2CWSwwzAJiIYx0kBJsS30cp1nvhSySFAVi30jecD307jV+8Kg=="
      },
      "Microsoft.Extensions.Resilience": {
        "type": "Transitive",
        "resolved": "8.1.0",
        "contentHash": "1aVUNwixm1jg7hxfZv6rituH9ICRNkbnEuuO0DaQS9jCGiJnp2higJuj4DAa+NCiYHh7kDiRa1Y7GzQYB07mAA==",
        "dependencies": {
          "Microsoft.Extensions.Diagnostics": "8.0.0",
          "Microsoft.Extensions.Diagnostics.ExceptionSummarization": "8.1.0",
          "Microsoft.Extensions.Options.ConfigurationExtensions": "8.0.0",
          "Microsoft.Extensions.Telemetry.Abstractions": "8.1.0",
          "Polly.Core": "8.2.0",
          "Polly.Extensions": "8.2.0",
          "Polly.RateLimiting": "8.2.0"
        }
      },
      "Microsoft.Extensions.ServiceDiscovery.Abstractions": {
        "type": "Transitive",
        "resolved": "8.1.0",
        "contentHash": "1Yen7NhRZwn3GIB/2bDFOEvXjqdaY1KqJBkHqUNMacmN8/fjhygoP2oi2ZGmHHrWxQoOVKWgOFJLaiPF/C+dzQ==",
        "dependencies": {
          "Microsoft.Extensions.Configuration.Abstractions": "8.0.0",
          "Microsoft.Extensions.Configuration.Binder": "8.0.2",
          "Microsoft.Extensions.DependencyInjection.Abstractions": "8.0.1",
          "Microsoft.Extensions.Features": "8.0.7",
          "Microsoft.Extensions.Logging.Abstractions": "8.0.1",
          "Microsoft.Extensions.Options": "8.0.2",
          "Microsoft.Extensions.Primitives": "8.0.0"
        }
      },
      "Microsoft.Extensions.Telemetry": {
        "type": "Transitive",
        "resolved": "8.1.0",
        "contentHash": "FBfK7duYgWGsC4CMoBdd66Xz1X3SpTUqqSabLp37Bjvsl0jnz3AK3nKs2p7ZcTDGVLJzzfIpQXvfQu2eNP/BRw==",
        "dependencies": {
          "Microsoft.Bcl.TimeProvider": "8.0.1",
          "Microsoft.Extensions.AmbientMetadata.Application": "8.1.0",
          "Microsoft.Extensions.Compliance.Abstractions": "8.1.0",
          "Microsoft.Extensions.DependencyInjection.AutoActivation": "8.1.0",
          "Microsoft.Extensions.Logging.Configuration": "8.0.0",
          "Microsoft.Extensions.ObjectPool": "8.0.1",
          "Microsoft.Extensions.Options": "8.0.1",
          "Microsoft.Extensions.Telemetry.Abstractions": "8.1.0"
        }
      },
      "Microsoft.Extensions.Telemetry.Abstractions": {
        "type": "Transitive",
        "resolved": "8.1.0",
        "contentHash": "YvUy1WY/NgWLwra755K206C+VaMgqfQqH2dBJ4OgPp2tCSmsR/RnWH6hHbqic0NdbQuKoGPmFajv3azemz18WQ==",
        "dependencies": {
          "Microsoft.Extensions.Compliance.Abstractions": "8.1.0",
          "Microsoft.Extensions.Logging.Abstractions": "8.0.0",
          "Microsoft.Extensions.ObjectPool": "8.0.1",
          "Microsoft.Extensions.Options": "8.0.1",
          "System.Diagnostics.DiagnosticSource": "8.0.0"
        }
      },
      "Microsoft.IO.RecyclableMemoryStream": {
        "type": "Transitive",
        "resolved": "2.3.2",
        "contentHash": "Oh1qXXFdJFcHozvb4H6XYLf2W0meZFuG0A+TfapFPj9z5fd4vxiARGEhAaLj/6XWQaMYIv4SH/9Q6H78Hw0E2Q=="
      },
      "OpenTelemetry": {
        "type": "Transitive",
        "resolved": "1.7.0",
        "contentHash": "HNmOJg++4FtEJGCIn1dCJcDkHRLNuLKU047owrGXUOfz/C/c5oZHOPKrowKVOy2jOOh/F9+HDshzeOk5NnQEZg==",
        "dependencies": {
          "Microsoft.Extensions.Logging": "8.0.0",
          "Microsoft.Extensions.Logging.Configuration": "8.0.0",
          "OpenTelemetry.Api.ProviderBuilderExtensions": "1.7.0"
        }
      },
      "OpenTelemetry.Api": {
        "type": "Transitive",
        "resolved": "1.7.0",
        "contentHash": "w5uDHl1Nm7R5igWu1QjewpdPzJSavua8NTI3+iThOdRNHD3cabox8JeIJ8LpBSXGHARSNFMJZ/Xr5EGRinMTMg==",
        "dependencies": {
          "System.Diagnostics.DiagnosticSource": "8.0.0"
        }
      },
      "OpenTelemetry.Api.ProviderBuilderExtensions": {
        "type": "Transitive",
        "resolved": "1.7.0",
        "contentHash": "fHLmJcRJk1dAwddjBgvqi/Grmr04hPo1DoFwTa6hxtSvAFOXPU56Xe9Sh2VXqz6Gstzp6TCju8z0Sob1t7BzSg==",
        "dependencies": {
          "Microsoft.Extensions.DependencyInjection.Abstractions": "8.0.0",
          "OpenTelemetry.Api": "1.7.0"
        }
      },
      "Polly.Core": {
        "type": "Transitive",
        "resolved": "8.2.0",
        "contentHash": "gnKp3+mxGFmkFs4eHcD9aex0JOF8zS1Y18c2A5ckXXTVqbs6XLcDyLKgSa/mUFqAnH3mn9+uVIM0RhAec/d3kA=="
      },
      "Polly.Extensions": {
        "type": "Transitive",
        "resolved": "8.2.0",
        "contentHash": "pI/YQUlv9BdC/xeuuGtM7s5uIbPoeBVFPNSUKjRPA048rilexP2bcV6cJNyePxaWmQ3uzYkjc50fc5AF58KZLg==",
        "dependencies": {
          "Microsoft.Extensions.Logging.Abstractions": "8.0.0",
          "Microsoft.Extensions.Options": "8.0.0",
          "Polly.Core": "8.2.0",
          "System.Diagnostics.DiagnosticSource": "8.0.0"
        }
      },
      "Polly.RateLimiting": {
        "type": "Transitive",
        "resolved": "8.2.0",
        "contentHash": "D4RxGQA+kIIkhtV2U5jxhfNl210YhwEmhlxIUZ1g0i5N+4ORuCCtopoVSVVBSMcBrre7tiRQcQhoNMURxCF/Ww==",
        "dependencies": {
          "Polly.Core": "8.2.0",
          "System.Threading.RateLimiting": "8.0.0"
        }
      },
      "System.Collections.Immutable": {
        "type": "Transitive",
        "resolved": "7.0.0",
        "contentHash": "dQPcs0U1IKnBdRDBkrCTi1FoajSTBzLcVTpjO4MBCMC7f4pDOIPzgBoX8JjG7X6uZRJ8EBxsi8+DR1JuwjnzOQ=="
      },
      "System.Diagnostics.DiagnosticSource": {
        "type": "Transitive",
        "resolved": "9.0.0",
        "contentHash": "ddppcFpnbohLWdYKr/ZeLZHmmI+DXFgZ3Snq+/E7SwcdW4UnvxmaugkwGywvGVWkHPGCSZjCP+MLzu23AL5SDw=="
      },
      "System.Memory": {
        "type": "Transitive",
        "resolved": "4.5.3",
        "contentHash": "3oDzvc/zzetpTKWMShs1AADwZjQ/36HnsufHRPcOjyRAAMLDlu2iD33MBI2opxnezcVUtXyqDXXjoFMOU9c7SA=="
      },
      "System.Reflection.Metadata": {
        "type": "Transitive",
        "resolved": "7.0.0",
        "contentHash": "MclTG61lsD9sYdpNz9xsKBzjsmsfCtcMZYXz/IUr2zlhaTaABonlr1ESeompTgM+Xk+IwtGYU7/voh3YWB/fWw==",
        "dependencies": {
          "System.Collections.Immutable": "7.0.0"
        }
      },
      "System.Runtime.CompilerServices.Unsafe": {
        "type": "Transitive",
        "resolved": "6.0.0",
        "contentHash": "/iUeP3tq1S0XdNNoMz5C9twLSrM/TH+qElHkXWaPvuNOt+99G75NrV0OS2EqHx5wMN7popYjpc8oTjC1y16DLg=="
      },
      "System.Text.Encodings.Web": {
        "type": "Transitive",
        "resolved": "8.0.0",
        "contentHash": "yev/k9GHAEGx2Rg3/tU6MQh4HGBXJs70y7j1LaM1i/ER9po+6nnQ6RRqTJn1E7Xu0fbIFK80Nh5EoODxrbxwBQ=="
      },
      "System.Text.Json": {
        "type": "Transitive",
        "resolved": "8.0.1",
        "contentHash": "7AWk2za1hSEJBppe/Lg+uDcam2TrDqwIKa9XcPssSwyjC2xa39EKEGul3CO5RWNF+hMuZG4zlBDrvhBdDTg4lg==",
        "dependencies": {
          "System.Text.Encodings.Web": "8.0.0"
        }
      },
      "System.Threading.RateLimiting": {
        "type": "Transitive",
        "resolved": "8.0.0",
        "contentHash": "7mu9v0QDv66ar3DpGSZHg9NuNcxDaaAcnMULuZlaTpP9+hwXhrxNGsF5GmLkSHxFdb5bBc1TzeujsRgTrPWi+Q=="
      },
      "Microsoft.Extensions.Configuration": {
        "type": "CentralTransitive",
        "requested": "[8.0.17, )",
        "resolved": "9.0.0",
        "contentHash": "YIMO9T3JL8MeEXgVozKt2v79hquo/EFtnY0vgxmLnUvk1Rei/halI7kOWZL2RBeV9FMGzgM9LZA8CVaNwFMaNA==",
        "dependencies": {
          "Microsoft.Extensions.Configuration.Abstractions": "9.0.0",
          "Microsoft.Extensions.Primitives": "9.0.0"
        }
      },
      "Microsoft.Extensions.Configuration.Abstractions": {
        "type": "CentralTransitive",
        "requested": "[8.0.17, )",
        "resolved": "9.0.0",
        "contentHash": "lqvd7W3FGKUO1+ZoUEMaZ5XDJeWvjpy2/M/ptCGz3tXLD4HWVaSzjufsAsjemasBEg+2SxXVtYVvGt5r2nKDlg==",
        "dependencies": {
          "Microsoft.Extensions.Primitives": "9.0.0"
        }
      },
      "Microsoft.Extensions.DependencyInjection": {
        "type": "CentralTransitive",
        "requested": "[8.0.17, )",
        "resolved": "9.0.0",
        "contentHash": "MCPrg7v3QgNMr0vX4vzRXvkNGgLg8vKWX0nKCWUxu2uPyMsaRgiRc1tHBnbTcfJMhMKj2slE/j2M9oGkd25DNw==",
        "dependencies": {
          "Microsoft.Extensions.DependencyInjection.Abstractions": "9.0.0"
        }
      },
      "Microsoft.Extensions.DependencyInjection.Abstractions": {
        "type": "CentralTransitive",
        "requested": "[8.0.17, )",
        "resolved": "9.0.0",
        "contentHash": "+6f2qv2a3dLwd5w6JanPIPs47CxRbnk+ZocMJUhv9NxP88VlOcJYZs9jY+MYSjxvady08bUZn6qgiNh7DadGgg=="
      },
      "Microsoft.Extensions.Http": {
        "type": "CentralTransitive",
        "requested": "[8.0.17, )",
        "resolved": "9.0.0",
        "contentHash": "DqI4q54U4hH7bIAq9M5a/hl5Odr/KBAoaZ0dcT4OgutD8dook34CbkvAfAIzkMVjYXiL+E5ul9etwwqiX4PHGw==",
        "dependencies": {
          "Microsoft.Extensions.Configuration.Abstractions": "9.0.0",
          "Microsoft.Extensions.DependencyInjection.Abstractions": "9.0.0",
          "Microsoft.Extensions.Diagnostics": "9.0.0",
          "Microsoft.Extensions.Logging": "9.0.0",
          "Microsoft.Extensions.Logging.Abstractions": "9.0.0",
          "Microsoft.Extensions.Options": "9.0.0"
        }
      },
      "Microsoft.Extensions.Options": {
        "type": "CentralTransitive",
        "requested": "[9.0.0, )",
        "resolved": "9.0.0",
        "contentHash": "y2146b3jrPI3Q0lokKXdKLpmXqakYbDIPDV6r3M8SqvSf45WwOTzkyfDpxnZXJsJQEpAsAqjUq5Pu8RCJMjubg==",
        "dependencies": {
          "Microsoft.Extensions.DependencyInjection.Abstractions": "9.0.0",
          "Microsoft.Extensions.Primitives": "9.0.0"
        }
      },
      "Microsoft.Extensions.Options.ConfigurationExtensions": {
        "type": "CentralTransitive",
        "requested": "[8.0.17, )",
        "resolved": "9.0.0",
        "contentHash": "Ob3FXsXkcSMQmGZi7qP07EQ39kZpSBlTcAZLbJLdI4FIf0Jug8biv2HTavWmnTirchctPlq9bl/26CXtQRguzA==",
        "dependencies": {
          "Microsoft.Extensions.Configuration.Abstractions": "9.0.0",
          "Microsoft.Extensions.Configuration.Binder": "9.0.0",
          "Microsoft.Extensions.DependencyInjection.Abstractions": "9.0.0",
          "Microsoft.Extensions.Options": "9.0.0",
          "Microsoft.Extensions.Primitives": "9.0.0"
        }
      }
    }
  }
}